
Microsoft Visual Studio Solution File, Format Version 12.00
# Visual Studio Version 17
VisualStudioVersion = 17.7.34031.279
MinimumVisualStudioVersion = 10.0.40219.1
Project("{FAE04EC0-301F-11D3-BF4B-00C04F79EFBC}") = "Aula 60 Exercicio de Fixação", "Aula 60 Exercicio de Fixação\Aula 60 Exercicio de Fixação.csproj", "{797FED73-4E88-4532-98EB-7EAE570BDD87}"
EndProject
Global
	GlobalSection(SolutionConfigurationPlatforms) = preSolution
		Debug|Any CPU = Debug|Any CPU
		Release|Any CPU = Release|Any CPU
	EndGlobalSection
	GlobalSection(ProjectConfigurationPlatforms) = postSolution
		{797FED73-4E88-4532-98EB-7EAE570BDD87}.Debug|Any CPU.ActiveCfg = Debug|Any CPU
		{797FED73-4E88-4532-98EB-7EAE570BDD87}.Debug|Any CPU.Build.0 = Debug|Any CPU
		{797FED73-4E88-4532-98EB-7EAE570BDD87}.Release|Any CPU.ActiveCfg = Release|Any CPU
		{797FED73-4E88-4532-98EB-7EAE570BDD87}.Release|Any CPU.Build.0 = Release|Any CPU
	EndGlobalSection
	GlobalSection(SolutionProperties) = preSolution
		HideSolutionNode = FALSE
	EndGlobalSection
	GlobalSection(ExtensibilityGlobals) = postSolution
		SolutionGuid = {D318CC5D-1FAB-4EAB-B8FA-D47038B834E4}
	EndGlobalSection
EndGlobal
