
Microsoft Visual Studio Solution File, Format Version 12.00
# Visual Studio Version 17
VisualStudioVersion = 17.7.34031.279
MinimumVisualStudioVersion = 10.0.40219.1
Project("{FAE04EC0-301F-11D3-BF4B-00C04F79EFBC}") = "Aula 60 Exercicio de fixação Professor", "Aula 60 Exercicio de fixação Professor\Aula 60 Exercicio de fixação Professor.csproj", "{FD30C0D8-DECB-446C-8E97-0AFE197122AE}"
EndProject
Global
	GlobalSection(SolutionConfigurationPlatforms) = preSolution
		Debug|Any CPU = Debug|Any CPU
		Release|Any CPU = Release|Any CPU
	EndGlobalSection
	GlobalSection(ProjectConfigurationPlatforms) = postSolution
		{FD30C0D8-DECB-446C-8E97-0AFE197122AE}.Debug|Any CPU.ActiveCfg = Debug|Any CPU
		{FD30C0D8-DECB-446C-8E97-0AFE197122AE}.Debug|Any CPU.Build.0 = Debug|Any CPU
		{FD30C0D8-DECB-446C-8E97-0AFE197122AE}.Release|Any CPU.ActiveCfg = Release|Any CPU
		{FD30C0D8-DECB-446C-8E97-0AFE197122AE}.Release|Any CPU.Build.0 = Release|Any CPU
	EndGlobalSection
	GlobalSection(SolutionProperties) = preSolution
		HideSolutionNode = FALSE
	EndGlobalSection
	GlobalSection(ExtensibilityGlobals) = postSolution
		SolutionGuid = {735065CD-18D5-4155-A5F7-E111C07AA57F}
	EndGlobalSection
EndGlobal
