
Microsoft Visual Studio Solution File, Format Version 12.00
# Visual Studio Version 17
VisualStudioVersion = 17.7.34031.279
MinimumVisualStudioVersion = 10.0.40219.1
Project("{FAE04EC0-301F-11D3-BF4B-00C04F79EFBC}") = "Aula 55", "Aula 55\Aula 55.csproj", "{65CD30C4-CD9F-487C-8127-2DA9AEBFC2EF}"
EndProject
Global
	GlobalSection(SolutionConfigurationPlatforms) = preSolution
		Debug|Any CPU = Debug|Any CPU
		Release|Any CPU = Release|Any CPU
	EndGlobalSection
	GlobalSection(ProjectConfigurationPlatforms) = postSolution
		{65CD30C4-CD9F-487C-8127-2DA9AEBFC2EF}.Debug|Any CPU.ActiveCfg = Debug|Any CPU
		{65CD30C4-CD9F-487C-8127-2DA9AEBFC2EF}.Debug|Any CPU.Build.0 = Debug|Any CPU
		{65CD30C4-CD9F-487C-8127-2DA9AEBFC2EF}.Release|Any CPU.ActiveCfg = Release|Any CPU
		{65CD30C4-CD9F-487C-8127-2DA9AEBFC2EF}.Release|Any CPU.Build.0 = Release|Any CPU
	EndGlobalSection
	GlobalSection(SolutionProperties) = preSolution
		HideSolutionNode = FALSE
	EndGlobalSection
	GlobalSection(ExtensibilityGlobals) = postSolution
		SolutionGuid = {F6A1DD1C-6AB3-435B-BA16-C165947AFCCD}
	EndGlobalSection
EndGlobal
